
Microsoft Visual Studio Solution File, Format Version 12.00
# Visual Studio 15
VisualStudioVersion = 15.0.28307.1145
MinimumVisualStudioVersion = 10.0.40219.1
Project("{D2ABAB84-BF74-430A-B69E-9DC6D40DDA17}") = "lab8_olap", "lab8_olap\lab8_olap.dwproj", "{B043CCB1-D364-41CA-A86B-6162C1EAADCF}"
EndProject
Global
	GlobalSection(SolutionConfigurationPlatforms) = preSolution
		Development|Default = Development|Default
	EndGlobalSection
	GlobalSection(ProjectConfigurationPlatforms) = postSolution
		{B043CCB1-D364-41CA-A86B-6162C1EAADCF}.Development|Default.ActiveCfg = Development
		{B043CCB1-D364-41CA-A86B-6162C1EAADCF}.Development|Default.Build.0 = Development
		{B043CCB1-D364-41CA-A86B-6162C1EAADCF}.Development|Default.Deploy.0 = Development
	EndGlobalSection
	GlobalSection(SolutionProperties) = preSolution
		HideSolutionNode = FALSE
	EndGlobalSection
	GlobalSection(ExtensibilityGlobals) = postSolution
		SolutionGuid = {DE86A8F7-7C82-42FF-A962-AA2C812B7164}
	EndGlobalSection
EndGlobal
